{
  "name": "hackthevalley",
  "lockfileVersion": 3,
  "requires": true,
  "packages": {
    "": {
      "dependencies": {
        "taipy-gui": "file:../../../../AppData/Local/Packages/PythonSoftwareFoundation.Python.3.10_qbz5n2kfra8p0/LocalCache/local-packages/Python310/site-packages/taipy/gui/webapp"
      }
    },
    "node_modules/taipy-gui": {
      "version": "2.2.1",
      "resolved": "file:../../../../AppData/Local/Packages/PythonSoftwareFoundation.Python.3.10_qbz5n2kfra8p0/LocalCache/local-packages/Python310/site-packages/taipy/gui/webapp"
    }
  }
}
